
Microsoft Visual Studio Solution File, Format Version 12.00
# Visual Studio Version 16
VisualStudioVersion = 16.0.31424.327
MinimumVisualStudioVersion = 10.0.40219.1
Project("{9A19103F-16F7-4668-BE54-9A1E7A4F7556}") = "Assembly.Hell.Example", "Assembly.Hell.Example\Assembly.Hell.Example.csproj", "{2AE318AE-2113-44A6-9877-FC9E5028F968}"
EndProject
Project("{9A19103F-16F7-4668-BE54-9A1E7A4F7556}") = "Assembly.Hell.Library.1", "Assembly.Hell.Library.1\Assembly.Hell.Library.1.csproj", "{13BA1859-20D5-402E-8FC6-3E47142E2951}"
EndProject
Project("{9A19103F-16F7-4668-BE54-9A1E7A4F7556}") = "Assembly.Hell.Library.1.1", "Assembly.Hell.Library.1.1\Assembly.Hell.Library.1.1.csproj", "{3EA5B0FB-D5B4-42D9-87CB-07998F0FC513}"
EndProject
Project("{9A19103F-16F7-4668-BE54-9A1E7A4F7556}") = "Assembly.Hell.Library.2", "Assembly.Hell.Library.2\Assembly.Hell.Library.2.csproj", "{E919B53B-B9F9-455C-B742-B5749BB3BFC4}"
EndProject
Project("{9A19103F-16F7-4668-BE54-9A1E7A4F7556}") = "AssemblyHell.MiddleWare.Library", "AssemblyHell.MiddleWare.Library\AssemblyHell.MiddleWare.Library.csproj", "{8FEF5EA0-B1E2-4BC6-9196-D3977C690390}"
EndProject
Global
	GlobalSection(SolutionConfigurationPlatforms) = preSolution
		Debug|Any CPU = Debug|Any CPU
		Release|Any CPU = Release|Any CPU
	EndGlobalSection
	GlobalSection(ProjectConfigurationPlatforms) = postSolution
		{2AE318AE-2113-44A6-9877-FC9E5028F968}.Debug|Any CPU.ActiveCfg = Debug|Any CPU
		{2AE318AE-2113-44A6-9877-FC9E5028F968}.Debug|Any CPU.Build.0 = Debug|Any CPU
		{2AE318AE-2113-44A6-9877-FC9E5028F968}.Release|Any CPU.ActiveCfg = Release|Any CPU
		{2AE318AE-2113-44A6-9877-FC9E5028F968}.Release|Any CPU.Build.0 = Release|Any CPU
		{13BA1859-20D5-402E-8FC6-3E47142E2951}.Debug|Any CPU.ActiveCfg = Debug|Any CPU
		{13BA1859-20D5-402E-8FC6-3E47142E2951}.Debug|Any CPU.Build.0 = Debug|Any CPU
		{13BA1859-20D5-402E-8FC6-3E47142E2951}.Release|Any CPU.ActiveCfg = Release|Any CPU
		{13BA1859-20D5-402E-8FC6-3E47142E2951}.Release|Any CPU.Build.0 = Release|Any CPU
		{3EA5B0FB-D5B4-42D9-87CB-07998F0FC513}.Debug|Any CPU.ActiveCfg = Debug|Any CPU
		{3EA5B0FB-D5B4-42D9-87CB-07998F0FC513}.Debug|Any CPU.Build.0 = Debug|Any CPU
		{3EA5B0FB-D5B4-42D9-87CB-07998F0FC513}.Release|Any CPU.ActiveCfg = Release|Any CPU
		{3EA5B0FB-D5B4-42D9-87CB-07998F0FC513}.Release|Any CPU.Build.0 = Release|Any CPU
		{E919B53B-B9F9-455C-B742-B5749BB3BFC4}.Debug|Any CPU.ActiveCfg = Debug|Any CPU
		{E919B53B-B9F9-455C-B742-B5749BB3BFC4}.Debug|Any CPU.Build.0 = Debug|Any CPU
		{E919B53B-B9F9-455C-B742-B5749BB3BFC4}.Release|Any CPU.ActiveCfg = Release|Any CPU
		{E919B53B-B9F9-455C-B742-B5749BB3BFC4}.Release|Any CPU.Build.0 = Release|Any CPU
		{8FEF5EA0-B1E2-4BC6-9196-D3977C690390}.Debug|Any CPU.ActiveCfg = Debug|Any CPU
		{8FEF5EA0-B1E2-4BC6-9196-D3977C690390}.Debug|Any CPU.Build.0 = Debug|Any CPU
		{8FEF5EA0-B1E2-4BC6-9196-D3977C690390}.Release|Any CPU.ActiveCfg = Release|Any CPU
		{8FEF5EA0-B1E2-4BC6-9196-D3977C690390}.Release|Any CPU.Build.0 = Release|Any CPU
	EndGlobalSection
	GlobalSection(SolutionProperties) = preSolution
		HideSolutionNode = FALSE
	EndGlobalSection
	GlobalSection(ExtensibilityGlobals) = postSolution
		SolutionGuid = {9D09145C-C4F2-47F9-8418-40B78D0A5717}
	EndGlobalSection
EndGlobal
